
Microsoft Visual Studio Solution File, Format Version 12.00
# Visual Studio Version 17
VisualStudioVersion = 17.5.33530.505
MinimumVisualStudioVersion = 10.0.40219.1
Project("{FAE04EC0-301F-11D3-BF4B-00C04F79EFBC}") = "Clock", "Clock\Clock.csproj", "{57C620CD-12C2-4040-848A-837EF8478FD1}"
EndProject
Global
	GlobalSection(SolutionConfigurationPlatforms) = preSolution
		Debug|Any CPU = Debug|Any CPU
		Release|Any CPU = Release|Any CPU
	EndGlobalSection
	GlobalSection(ProjectConfigurationPlatforms) = postSolution
		{57C620CD-12C2-4040-848A-837EF8478FD1}.Debug|Any CPU.ActiveCfg = Debug|Any CPU
		{57C620CD-12C2-4040-848A-837EF8478FD1}.Debug|Any CPU.Build.0 = Debug|Any CPU
		{57C620CD-12C2-4040-848A-837EF8478FD1}.Release|Any CPU.ActiveCfg = Release|Any CPU
		{57C620CD-12C2-4040-848A-837EF8478FD1}.Release|Any CPU.Build.0 = Release|Any CPU
	EndGlobalSection
	GlobalSection(SolutionProperties) = preSolution
		HideSolutionNode = FALSE
	EndGlobalSection
	GlobalSection(ExtensibilityGlobals) = postSolution
		SolutionGuid = {7945754D-05B0-4B6B-9D66-E2C7C2F4F6CD}
	EndGlobalSection
EndGlobal
